// !$*UTF8*$!
{
	archiveVersion = 1;
	classes = {
	};
	objectVersion = 50;
	objects = {

/* Begin PBXBuildFile section */
		188A3E3524E02D88004858F4 /* AppDelegate.swift in Sources */ = {isa = PBXBuildFile; fileRef = 188A3E3424E02D88004858F4 /* AppDelegate.swift */; };
		188A3E3724E02D88004858F4 /* SceneDelegate.swift in Sources */ = {isa = PBXBuildFile; fileRef = 188A3E3624E02D88004858F4 /* SceneDelegate.swift */; };
		188A3E3924E02D88004858F4 /* ContentView.swift in Sources */ = {isa = PBXBuildFile; fileRef = 188A3E3824E02D88004858F4 /* ContentView.swift */; };
		188A3E3B24E02D89004858F4 /* Assets.xcassets in Resources */ = {isa = PBXBuildFile; fileRef = 188A3E3A24E02D89004858F4 /* Assets.xcassets */; };
		188A3E3E24E02D89004858F4 /* Preview Assets.xcassets in Resources */ = {isa = PBXBuildFile; fileRef = 188A3E3D24E02D89004858F4 /* Preview Assets.xcassets */; };
		188A3E4124E02D89004858F4 /* LaunchScreen.storyboard in Resources */ = {isa = PBXBuildFile; fileRef = 188A3E3F24E02D89004858F4 /* LaunchScreen.storyboard */; };
		188A3E4C24E02D89004858F4 /* freshreaderTests.swift in Sources */ = {isa = PBXBuildFile; fileRef = 188A3E4B24E02D89004858F4 /* freshreaderTests.swift */; };
		188A3E5724E02D89004858F4 /* freshreaderUITests.swift in Sources */ = {isa = PBXBuildFile; fileRef = 188A3E5624E02D89004858F4 /* freshreaderUITests.swift */; };
		188A3E6524E03423004858F4 /* ApiService.swift in Sources */ = {isa = PBXBuildFile; fileRef = 188A3E6424E03423004858F4 /* ApiService.swift */; };
/* End PBXBuildFile section */

/* Begin PBXContainerItemProxy section */
		188A3E4824E02D89004858F4 /* PBXContainerItemProxy */ = {
			isa = PBXContainerItemProxy;
			containerPortal = 188A3E2924E02D88004858F4 /* Project object */;
			proxyType = 1;
			remoteGlobalIDString = 188A3E3024E02D88004858F4;
			remoteInfo = freshreader;
		};
		188A3E5324E02D89004858F4 /* PBXContainerItemProxy */ = {
			isa = PBXContainerItemProxy;
			containerPortal = 188A3E2924E02D88004858F4 /* Project object */;
			proxyType = 1;
			remoteGlobalIDString = 188A3E3024E02D88004858F4;
			remoteInfo = freshreader;
		};
/* End PBXContainerItemProxy section */

/* Begin PBXFileReference section */
		188A3E3124E02D88004858F4 /* freshreader.app */ = {isa = PBXFileReference; explicitFileType = wrapper.application; includeInIndex = 0; path = freshreader.app; sourceTree = BUILT_PRODUCTS_DIR; };
		188A3E3424E02D88004858F4 /* AppDelegate.swift */ = {isa = PBXFileReference; lastKnownFileType = sourcecode.swift; path = AppDelegate.swift; sourceTree = "<group>"; };
		188A3E3624E02D88004858F4 /* SceneDelegate.swift */ = {isa = PBXFileReference; lastKnownFileType = sourcecode.swift; path = SceneDelegate.swift; sourceTree = "<group>"; };
		188A3E3824E02D88004858F4 /* ContentView.swift */ = {isa = PBXFileReference; lastKnownFileType = sourcecode.swift; path = ContentView.swift; sourceTree = "<group>"; };
		188A3E3A24E02D89004858F4 /* Assets.xcassets */ = {isa = PBXFileReference; lastKnownFileType = folder.assetcatalog; path = Assets.xcassets; sourceTree = "<group>"; };
		188A3E3D24E02D89004858F4 /* Preview Assets.xcassets */ = {isa = PBXFileReference; lastKnownFileType = folder.assetcatalog; path = "Preview Assets.xcassets"; sourceTree = "<group>"; };
		188A3E4024E02D89004858F4 /* Base */ = {isa = PBXFileReference; lastKnownFileType = file.storyboard; name = Base; path = Base.lproj/LaunchScreen.storyboard; sourceTree = "<group>"; };
		188A3E4224E02D89004858F4 /* Info.plist */ = {isa = PBXFileReference; lastKnownFileType = text.plist.xml; path = Info.plist; sourceTree = "<group>"; };
		188A3E4724E02D89004858F4 /* freshreaderTests.xctest */ = {isa = PBXFileReference; explicitFileType = wrapper.cfbundle; includeInIndex = 0; path = freshreaderTests.xctest; sourceTree = BUILT_PRODUCTS_DIR; };
		188A3E4B24E02D89004858F4 /* freshreaderTests.swift */ = {isa = PBXFileReference; lastKnownFileType = sourcecode.swift; path = freshreaderTests.swift; sourceTree = "<group>"; };
		188A3E4D24E02D89004858F4 /* Info.plist */ = {isa = PBXFileReference; lastKnownFileType = text.plist.xml; path = Info.plist; sourceTree = "<group>"; };
		188A3E5224E02D89004858F4 /* freshreaderUITests.xctest */ = {isa = PBXFileReference; explicitFileType = wrapper.cfbundle; includeInIndex = 0; path = freshreaderUITests.xctest; sourceTree = BUILT_PRODUCTS_DIR; };
		188A3E5624E02D89004858F4 /* freshreaderUITests.swift */ = {isa = PBXFileReference; lastKnownFileType = sourcecode.swift; path = freshreaderUITests.swift; sourceTree = "<group>"; };
		188A3E5824E02D89004858F4 /* Info.plist */ = {isa = PBXFileReference; lastKnownFileType = text.plist.xml; path = Info.plist; sourceTree = "<group>"; };
		188A3E6424E03423004858F4 /* ApiService.swift */ = {isa = PBXFileReference; lastKnownFileType = sourcecode.swift; path = ApiService.swift; sourceTree = "<group>"; };
/* End PBXFileReference section */

/* Begin PBXFrameworksBuildPhase section */
		188A3E2E24E02D88004858F4 /* Frameworks */ = {
			isa = PBXFrameworksBuildPhase;
			buildActionMask = 2147483647;
			files = (
			);
			runOnlyForDeploymentPostprocessing = 0;
		};
		188A3E4424E02D89004858F4 /* Frameworks */ = {
			isa = PBXFrameworksBuildPhase;
			buildActionMask = 2147483647;
			files = (
			);
			runOnlyForDeploymentPostprocessing = 0;
		};
		188A3E4F24E02D89004858F4 /* Frameworks */ = {
			isa = PBXFrameworksBuildPhase;
			buildActionMask = 2147483647;
			files = (
			);
			runOnlyForDeploymentPostprocessing = 0;
		};
/* End PBXFrameworksBuildPhase section */

/* Begin PBXGroup section */
		188A3E2824E02D88004858F4 = {
			isa = PBXGroup;
			children = (
				188A3E3324E02D88004858F4 /* freshreader */,
				188A3E4A24E02D89004858F4 /* freshreaderTests */,
				188A3E5524E02D89004858F4 /* freshreaderUITests */,
				188A3E3224E02D88004858F4 /* Products */,
			);
			sourceTree = "<group>";
		};
		188A3E3224E02D88004858F4 /* Products */ = {
			isa = PBXGroup;
			children = (
				188A3E3124E02D88004858F4 /* freshreader.app */,
				188A3E4724E02D89004858F4 /* freshreaderTests.xctest */,
				188A3E5224E02D89004858F4 /* freshreaderUITests.xctest */,
			);
			name = Products;
			sourceTree = "<group>";
		};
		188A3E3324E02D88004858F4 /* freshreader */ = {
			isa = PBXGroup;
			children = (
				188A3E3424E02D88004858F4 /* AppDelegate.swift */,
				188A3E3624E02D88004858F4 /* SceneDelegate.swift */,
				188A3E3824E02D88004858F4 /* ContentView.swift */,
				188A3E3A24E02D89004858F4 /* Assets.xcassets */,
				188A3E3F24E02D89004858F4 /* LaunchScreen.storyboard */,
				188A3E4224E02D89004858F4 /* Info.plist */,
				188A3E3C24E02D89004858F4 /* Preview Content */,
				188A3E6424E03423004858F4 /* ApiService.swift */,
			);
			path = freshreader;
			sourceTree = "<group>";
		};
		188A3E3C24E02D89004858F4 /* Preview Content */ = {
			isa = PBXGroup;
			children = (
				188A3E3D24E02D89004858F4 /* Preview Assets.xcassets */,
			);
			path = "Preview Content";
			sourceTree = "<group>";
		};
		188A3E4A24E02D89004858F4 /* freshreaderTests */ = {
			isa = PBXGroup;
			children = (
				188A3E4B24E02D89004858F4 /* freshreaderTests.swift */,
				188A3E4D24E02D89004858F4 /* Info.plist */,
			);
			path = freshreaderTests;
			sourceTree = "<group>";
		};
		188A3E5524E02D89004858F4 /* freshreaderUITests */ = {
			isa = PBXGroup;
			children = (
				188A3E5624E02D89004858F4 /* freshreaderUITests.swift */,
				188A3E5824E02D89004858F4 /* Info.plist */,
			);
			path = freshreaderUITests;
			sourceTree = "<group>";
		};
/* End PBXGroup section */

/* Begin PBXNativeTarget section */
		188A3E3024E02D88004858F4 /* freshreader */ = {
			isa = PBXNativeTarget;
			buildConfigurationList = 188A3E5B24E02D89004858F4 /* Build configuration list for PBXNativeTarget "freshreader" */;
			buildPhases = (
				188A3E2D24E02D88004858F4 /* Sources */,
				188A3E2E24E02D88004858F4 /* Frameworks */,
				188A3E2F24E02D88004858F4 /* Resources */,
			);
			buildRules = (
			);
			dependencies = (
			);
			name = freshreader;
			productName = freshreader;
			productReference = 188A3E3124E02D88004858F4 /* freshreader.app */;
			productType = "com.apple.product-type.application";
		};
		188A3E4624E02D89004858F4 /* freshreaderTests */ = {
			isa = PBXNativeTarget;
			buildConfigurationList = 188A3E5E24E02D89004858F4 /* Build configuration list for PBXNativeTarget "freshreaderTests" */;
			buildPhases = (
				188A3E4324E02D89004858F4 /* Sources */,
				188A3E4424E02D89004858F4 /* Frameworks */,
				188A3E4524E02D89004858F4 /* Resources */,
			);
			buildRules = (
			);
			dependencies = (
				188A3E4924E02D89004858F4 /* PBXTargetDependency */,
			);
			name = freshreaderTests;
			productName = freshreaderTests;
			productReference = 188A3E4724E02D89004858F4 /* freshreaderTests.xctest */;
			productType = "com.apple.product-type.bundle.unit-test";
		};
		188A3E5124E02D89004858F4 /* freshreaderUITests */ = {
			isa = PBXNativeTarget;
			buildConfigurationList = 188A3E6124E02D89004858F4 /* Build configuration list for PBXNativeTarget "freshreaderUITests" */;
			buildPhases = (
				188A3E4E24E02D89004858F4 /* Sources */,
				188A3E4F24E02D89004858F4 /* Frameworks */,
				188A3E5024E02D89004858F4 /* Resources */,
			);
			buildRules = (
			);
			dependencies = (
				188A3E5424E02D89004858F4 /* PBXTargetDependency */,
			);
			name = freshreaderUITests;
			productName = freshreaderUITests;
			productReference = 188A3E5224E02D89004858F4 /* freshreaderUITests.xctest */;
			productType = "com.apple.product-type.bundle.ui-testing";
		};
/* End PBXNativeTarget section */

/* Begin PBXProject section */
		188A3E2924E02D88004858F4 /* Project object */ = {
			isa = PBXProject;
			attributes = {
				LastSwiftUpdateCheck = 1160;
				LastUpgradeCheck = 1160;
				ORGANIZATIONNAME = Freshreader;
				TargetAttributes = {
					188A3E3024E02D88004858F4 = {
						CreatedOnToolsVersion = 11.6;
					};
					188A3E4624E02D89004858F4 = {
						CreatedOnToolsVersion = 11.6;
						TestTargetID = 188A3E3024E02D88004858F4;
					};
					188A3E5124E02D89004858F4 = {
						CreatedOnToolsVersion = 11.6;
						TestTargetID = 188A3E3024E02D88004858F4;
					};
				};
			};
			buildConfigurationList = 188A3E2C24E02D88004858F4 /* Build configuration list for PBXProject "freshreader" */;
			compatibilityVersion = "Xcode 9.3";
			developmentRegion = en;
			hasScannedForEncodings = 0;
			knownRegions = (
				en,
				Base,
			);
			mainGroup = 188A3E2824E02D88004858F4;
			productRefGroup = 188A3E3224E02D88004858F4 /* Products */;
			projectDirPath = "";
			projectRoot = "";
			targets = (
				188A3E3024E02D88004858F4 /* freshreader */,
				188A3E4624E02D89004858F4 /* freshreaderTests */,
				188A3E5124E02D89004858F4 /* freshreaderUITests */,
			);
		};
/* End PBXProject section */

/* Begin PBXResourcesBuildPhase section */
		188A3E2F24E02D88004858F4 /* Resources */ = {
			isa = PBXResourcesBuildPhase;
			buildActionMask = 2147483647;
			files = (
				188A3E4124E02D89004858F4 /* LaunchScreen.storyboard in Resources */,
				188A3E3E24E02D89004858F4 /* Preview Assets.xcassets in Resources */,
				188A3E3B24E02D89004858F4 /* Assets.xcassets in Resources */,
			);
			runOnlyForDeploymentPostprocessing = 0;
		};
		188A3E4524E02D89004858F4 /* Resources */ = {
			isa = PBXResourcesBuildPhase;
			buildActionMask = 2147483647;
			files = (
			);
			runOnlyForDeploymentPostprocessing = 0;
		};
		188A3E5024E02D89004858F4 /* Resources */ = {
			isa = PBXResourcesBuildPhase;
			buildActionMask = 2147483647;
			files = (
			);
			runOnlyForDeploymentPostprocessing = 0;
		};
/* End PBXResourcesBuildPhase section */

/* Begin PBXSourcesBuildPhase section */
		188A3E2D24E02D88004858F4 /* Sources */ = {
			isa = PBXSourcesBuildPhase;
			buildActionMask = 2147483647;
			files = (
				188A3E3524E02D88004858F4 /* AppDelegate.swift in Sources */,
				188A3E3724E02D88004858F4 /* SceneDelegate.swift in Sources */,
				188A3E6524E03423004858F4 /* ApiService.swift in Sources */,
				188A3E3924E02D88004858F4 /* ContentView.swift in Sources */,
			);
			runOnlyForDeploymentPostprocessing = 0;
		};
		188A3E4324E02D89004858F4 /* Sources */ = {
			isa = PBXSourcesBuildPhase;
			buildActionMask = 2147483647;
			files = (
				188A3E4C24E02D89004858F4 /* freshreaderTests.swift in Sources */,
			);
			runOnlyForDeploymentPostprocessing = 0;
		};
		188A3E4E24E02D89004858F4 /* Sources */ = {
			isa = PBXSourcesBuildPhase;
			buildActionMask = 2147483647;
			files = (
				188A3E5724E02D89004858F4 /* freshreaderUITests.swift in Sources */,
			);
			runOnlyForDeploymentPostprocessing = 0;
		};
/* End PBXSourcesBuildPhase section */

/* Begin PBXTargetDependency section */
		188A3E4924E02D89004858F4 /* PBXTargetDependency */ = {
			isa = PBXTargetDependency;
			target = 188A3E3024E02D88004858F4 /* freshreader */;
			targetProxy = 188A3E4824E02D89004858F4 /* PBXContainerItemProxy */;
		};
		188A3E5424E02D89004858F4 /* PBXTargetDependency */ = {
			isa = PBXTargetDependency;
			target = 188A3E3024E02D88004858F4 /* freshreader */;
			targetProxy = 188A3E5324E02D89004858F4 /* PBXContainerItemProxy */;
		};
/* End PBXTargetDependency section */

/* Begin PBXVariantGroup section */
		188A3E3F24E02D89004858F4 /* LaunchScreen.storyboard */ = {
			isa = PBXVariantGroup;
			children = (
				188A3E4024E02D89004858F4 /* Base */,
			);
			name = LaunchScreen.storyboard;
			sourceTree = "<group>";
		};
/* End PBXVariantGroup section */

/* Begin XCBuildConfiguration section */
		188A3E5924E02D89004858F4 /* Debug */ = {
			isa = XCBuildConfiguration;
			buildSettings = {
				ALWAYS_SEARCH_USER_PATHS = NO;
				CLANG_ANALYZER_NONNULL = YES;
				CLANG_ANALYZER_NUMBER_OBJECT_CONVERSION = YES_AGGRESSIVE;
				CLANG_CXX_LANGUAGE_STANDARD = "gnu++14";
				CLANG_CXX_LIBRARY = "libc++";
				CLANG_ENABLE_MODULES = YES;
				CLANG_ENABLE_OBJC_ARC = YES;
				CLANG_ENABLE_OBJC_WEAK = YES;
				CLANG_WARN_BLOCK_CAPTURE_AUTORELEASING = YES;
				CLANG_WARN_BOOL_CONVERSION = YES;
				CLANG_WARN_COMMA = YES;
				CLANG_WARN_CONSTANT_CONVERSION = YES;
				CLANG_WARN_DEPRECATED_OBJC_IMPLEMENTATIONS = YES;
				CLANG_WARN_DIRECT_OBJC_ISA_USAGE = YES_ERROR;
				CLANG_WARN_DOCUMENTATION_COMMENTS = YES;
				CLANG_WARN_EMPTY_BODY = YES;
				CLANG_WARN_ENUM_CONVERSION = YES;
				CLANG_WARN_INFINITE_RECURSION = YES;
				CLANG_WARN_INT_CONVERSION = YES;
				CLANG_WARN_NON_LITERAL_NULL_CONVERSION = YES;
				CLANG_WARN_OBJC_IMPLICIT_RETAIN_SELF = YES;
				CLANG_WARN_OBJC_LITERAL_CONVERSION = YES;
				CLANG_WARN_OBJC_ROOT_CLASS = YES_ERROR;
				CLANG_WARN_RANGE_LOOP_ANALYSIS = YES;
				CLANG_WARN_STRICT_PROTOTYPES = YES;
				CLANG_WARN_SUSPICIOUS_MOVE = YES;
				CLANG_WARN_UNGUARDED_AVAILABILITY = YES_AGGRESSIVE;
				CLANG_WARN_UNREACHABLE_CODE = YES;
				CLANG_WARN__DUPLICATE_METHOD_MATCH = YES;
				COPY_PHASE_STRIP = NO;
				DEBUG_INFORMATION_FORMAT = dwarf;
				ENABLE_STRICT_OBJC_MSGSEND = YES;
				ENABLE_TESTABILITY = YES;
				GCC_C_LANGUAGE_STANDARD = gnu11;
				GCC_DYNAMIC_NO_PIC = NO;
				GCC_NO_COMMON_BLOCKS = YES;
				GCC_OPTIMIZATION_LEVEL = 0;
				GCC_PREPROCESSOR_DEFINITIONS = (
					"DEBUG=1",
					"$(inherited)",
				);
				GCC_WARN_64_TO_32_BIT_CONVERSION = YES;
				GCC_WARN_ABOUT_RETURN_TYPE = YES_ERROR;
				GCC_WARN_UNDECLARED_SELECTOR = YES;
				GCC_WARN_UNINITIALIZED_AUTOS = YES_AGGRESSIVE;
				GCC_WARN_UNUSED_FUNCTION = YES;
				GCC_WARN_UNUSED_VARIABLE = YES;
				IPHONEOS_DEPLOYMENT_TARGET = 13.6;
				MTL_ENABLE_DEBUG_INFO = INCLUDE_SOURCE;
				MTL_FAST_MATH = YES;
				ONLY_ACTIVE_ARCH = YES;
				SDKROOT = iphoneos;
				SWIFT_ACTIVE_COMPILATION_CONDITIONS = DEBUG;
				SWIFT_OPTIMIZATION_LEVEL = "-Onone";
			};
			name = Debug;
		};
		188A3E5A24E02D89004858F4 /* Release */ = {
			isa = XCBuildConfiguration;
			buildSettings = {
				ALWAYS_SEARCH_USER_PATHS = NO;
				CLANG_ANALYZER_NONNULL = YES;
				CLANG_ANALYZER_NUMBER_OBJECT_CONVERSION = YES_AGGRESSIVE;
				CLANG_CXX_LANGUAGE_STANDARD = "gnu++14";
				CLANG_CXX_LIBRARY = "libc++";
				CLANG_ENABLE_MODULES = YES;
				CLANG_ENABLE_OBJC_ARC = YES;
				CLANG_ENABLE_OBJC_WEAK = YES;
				CLANG_WARN_BLOCK_CAPTURE_AUTORELEASING = YES;
				CLANG_WARN_BOOL_CONVERSION = YES;
				CLANG_WARN_COMMA = YES;
				CLANG_WARN_CONSTANT_CONVERSION = YES;
				CLANG_WARN_DEPRECATED_OBJC_IMPLEMENTATIONS = YES;
				CLANG_WARN_DIRECT_OBJC_ISA_USAGE = YES_ERROR;
				CLANG_WARN_DOCUMENTATION_COMMENTS = YES;
				CLANG_WARN_EMPTY_BODY = YES;
				CLANG_WARN_ENUM_CONVERSION = YES;
				CLANG_WARN_INFINITE_RECURSION = YES;
				CLANG_WARN_INT_CONVERSION = YES;
				CLANG_WARN_NON_LITERAL_NULL_CONVERSION = YES;
				CLANG_WARN_OBJC_IMPLICIT_RETAIN_SELF = YES;
				CLANG_WARN_OBJC_LITERAL_CONVERSION = YES;
				CLANG_WARN_OBJC_ROOT_CLASS = YES_ERROR;
				CLANG_WARN_RANGE_LOOP_ANALYSIS = YES;
				CLANG_WARN_STRICT_PROTOTYPES = YES;
				CLANG_WARN_SUSPICIOUS_MOVE = YES;
				CLANG_WARN_UNGUARDED_AVAILABILITY = YES_AGGRESSIVE;
				CLANG_WARN_UNREACHABLE_CODE = YES;
				CLANG_WARN__DUPLICATE_METHOD_MATCH = YES;
				COPY_PHASE_STRIP = NO;
				DEBUG_INFORMATION_FORMAT = "dwarf-with-dsym";
				ENABLE_NS_ASSERTIONS = NO;
				ENABLE_STRICT_OBJC_MSGSEND = YES;
				GCC_C_LANGUAGE_STANDARD = gnu11;
				GCC_NO_COMMON_BLOCKS = YES;
				GCC_WARN_64_TO_32_BIT_CONVERSION = YES;
				GCC_WARN_ABOUT_RETURN_TYPE = YES_ERROR;
				GCC_WARN_UNDECLARED_SELECTOR = YES;
				GCC_WARN_UNINITIALIZED_AUTOS = YES_AGGRESSIVE;
				GCC_WARN_UNUSED_FUNCTION = YES;
				GCC_WARN_UNUSED_VARIABLE = YES;
				IPHONEOS_DEPLOYMENT_TARGET = 13.6;
				MTL_ENABLE_DEBUG_INFO = NO;
				MTL_FAST_MATH = YES;
				SDKROOT = iphoneos;
				SWIFT_COMPILATION_MODE = wholemodule;
				SWIFT_OPTIMIZATION_LEVEL = "-O";
				VALIDATE_PRODUCT = YES;
			};
			name = Release;
		};
		188A3E5C24E02D89004858F4 /* Debug */ = {
			isa = XCBuildConfiguration;
			buildSettings = {
				ASSETCATALOG_COMPILER_APPICON_NAME = AppIcon;
				CODE_SIGN_STYLE = Automatic;
				DEVELOPMENT_ASSET_PATHS = "\"freshreader/Preview Content\"";
				ENABLE_PREVIEWS = YES;
				INFOPLIST_FILE = freshreader/Info.plist;
				LD_RUNPATH_SEARCH_PATHS = (
					"$(inherited)",
					"@executable_path/Frameworks",
				);
				PRODUCT_BUNDLE_IDENTIFIER = app.freshreader.freshreader;
				PRODUCT_NAME = "$(TARGET_NAME)";
				SWIFT_VERSION = 5.0;
				TARGETED_DEVICE_FAMILY = "1,2";
			};
			name = Debug;
		};
		188A3E5D24E02D89004858F4 /* Release */ = {
			isa = XCBuildConfiguration;
			buildSettings = {
				ASSETCATALOG_COMPILER_APPICON_NAME = AppIcon;
				CODE_SIGN_STYLE = Automatic;
				DEVELOPMENT_ASSET_PATHS = "\"freshreader/Preview Content\"";
				ENABLE_PREVIEWS = YES;
				INFOPLIST_FILE = freshreader/Info.plist;
				LD_RUNPATH_SEARCH_PATHS = (
					"$(inherited)",
					"@executable_path/Frameworks",
				);
				PRODUCT_BUNDLE_IDENTIFIER = app.freshreader.freshreader;
				PRODUCT_NAME = "$(TARGET_NAME)";
				SWIFT_VERSION = 5.0;
				TARGETED_DEVICE_FAMILY = "1,2";
			};
			name = Release;
		};
		188A3E5F24E02D89004858F4 /* Debug */ = {
			isa = XCBuildConfiguration;
			buildSettings = {
				ALWAYS_EMBED_SWIFT_STANDARD_LIBRARIES = YES;
				BUNDLE_LOADER = "$(TEST_HOST)";
				CODE_SIGN_STYLE = Automatic;
				INFOPLIST_FILE = freshreaderTests/Info.plist;
				IPHONEOS_DEPLOYMENT_TARGET = 13.6;
				LD_RUNPATH_SEARCH_PATHS = (
					"$(inherited)",
					"@executable_path/Frameworks",
					"@loader_path/Frameworks",
				);
				PRODUCT_BUNDLE_IDENTIFIER = app.freshreader.freshreaderTests;
				PRODUCT_NAME = "$(TARGET_NAME)";
				SWIFT_VERSION = 5.0;
				TARGETED_DEVICE_FAMILY = "1,2";
				TEST_HOST = "$(BUILT_PRODUCTS_DIR)/freshreader.app/freshreader";
			};
			name = Debug;
		};
		188A3E6024E02D89004858F4 /* Release */ = {
			isa = XCBuildConfiguration;
			buildSettings = {
				ALWAYS_EMBED_SWIFT_STANDARD_LIBRARIES = YES;
				BUNDLE_LOADER = "$(TEST_HOST)";
				CODE_SIGN_STYLE = Automatic;
				INFOPLIST_FILE = freshreaderTests/Info.plist;
				IPHONEOS_DEPLOYMENT_TARGET = 13.6;
				LD_RUNPATH_SEARCH_PATHS = (
					"$(inherited)",
					"@executable_path/Frameworks",
					"@loader_path/Frameworks",
				);
				PRODUCT_BUNDLE_IDENTIFIER = app.freshreader.freshreaderTests;
				PRODUCT_NAME = "$(TARGET_NAME)";
				SWIFT_VERSION = 5.0;
				TARGETED_DEVICE_FAMILY = "1,2";
				TEST_HOST = "$(BUILT_PRODUCTS_DIR)/freshreader.app/freshreader";
			};
			name = Release;
		};
		188A3E6224E02D89004858F4 /* Debug */ = {
			isa = XCBuildConfiguration;
			buildSettings = {
				ALWAYS_EMBED_SWIFT_STANDARD_LIBRARIES = YES;
				CODE_SIGN_STYLE = Automatic;
				INFOPLIST_FILE = freshreaderUITests/Info.plist;
				LD_RUNPATH_SEARCH_PATHS = (
					"$(inherited)",
					"@executable_path/Frameworks",
					"@loader_path/Frameworks",
				);
				PRODUCT_BUNDLE_IDENTIFIER = app.freshreader.freshreaderUITests;
				PRODUCT_NAME = "$(TARGET_NAME)";
				SWIFT_VERSION = 5.0;
				TARGETED_DEVICE_FAMILY = "1,2";
				TEST_TARGET_NAME = freshreader;
			};
			name = Debug;
		};
		188A3E6324E02D89004858F4 /* Release */ = {
			isa = XCBuildConfiguration;
			buildSettings = {
				ALWAYS_EMBED_SWIFT_STANDARD_LIBRARIES = YES;
				CODE_SIGN_STYLE = Automatic;
				INFOPLIST_FILE = freshreaderUITests/Info.plist;
				LD_RUNPATH_SEARCH_PATHS = (
					"$(inherited)",
					"@executable_path/Frameworks",
					"@loader_path/Frameworks",
				);
				PRODUCT_BUNDLE_IDENTIFIER = app.freshreader.freshreaderUITests;
				PRODUCT_NAME = "$(TARGET_NAME)";
				SWIFT_VERSION = 5.0;
				TARGETED_DEVICE_FAMILY = "1,2";
				TEST_TARGET_NAME = freshreader;
			};
			name = Release;
		};
/* End XCBuildConfiguration section */

/* Begin XCConfigurationList section */
		188A3E2C24E02D88004858F4 /* Build configuration list for PBXProject "freshreader" */ = {
			isa = XCConfigurationList;
			buildConfigurations = (
				188A3E5924E02D89004858F4 /* Debug */,
				188A3E5A24E02D89004858F4 /* Release */,
			);
			defaultConfigurationIsVisible = 0;
			defaultConfigurationName = Release;
		};
		188A3E5B24E02D89004858F4 /* Build configuration list for PBXNativeTarget "freshreader" */ = {
			isa = XCConfigurationList;
			buildConfigurations = (
				188A3E5C24E02D89004858F4 /* Debug */,
				188A3E5D24E02D89004858F4 /* Release */,
			);
			defaultConfigurationIsVisible = 0;
			defaultConfigurationName = Release;
		};
		188A3E5E24E02D89004858F4 /* Build configuration list for PBXNativeTarget "freshreaderTests" */ = {
			isa = XCConfigurationList;
			buildConfigurations = (
				188A3E5F24E02D89004858F4 /* Debug */,
				188A3E6024E02D89004858F4 /* Release */,
			);
			defaultConfigurationIsVisible = 0;
			defaultConfigurationName = Release;
		};
		188A3E6124E02D89004858F4 /* Build configuration list for PBXNativeTarget "freshreaderUITests" */ = {
			isa = XCConfigurationList;
			buildConfigurations = (
				188A3E6224E02D89004858F4 /* Debug */,
				188A3E6324E02D89004858F4 /* Release */,
			);
			defaultConfigurationIsVisible = 0;
			defaultConfigurationName = Release;
		};
/* End XCConfigurationList section */
	};
	rootObject = 188A3E2924E02D88004858F4 /* Project object */;
}
